
Microsoft Visual Studio Solution File, Format Version 12.00
# Visual Studio Version 17
VisualStudioVersion = 17.3.32804.467
MinimumVisualStudioVersion = 10.0.40219.1
Project("{9A19103F-16F7-4668-BE54-9A1E7A4F7556}") = "Properties", "Properties.csproj", "{5951E803-1717-415E-A6FC-CE97DD62B451}"
EndProject
Project("{9A19103F-16F7-4668-BE54-9A1E7A4F7556}") = "AnonymousTypes", "..\AnonymousTypes\AnonymousTypes.csproj", "{34043072-B5A9-4B53-8770-634D4D2AB64E}"
EndProject
Project("{9A19103F-16F7-4668-BE54-9A1E7A4F7556}") = "ParameterfulProperties", "..\ParameterfulProperties\ParameterfulProperties.csproj", "{291D328D-84A2-4522-AA3E-9DDCD0C7C715}"
EndProject
Project("{FAE04EC0-301F-11D3-BF4B-00C04F79EFBC}") = "BitArray2", "..\BitArray2\BitArray2.csproj", "{0D4E7DAE-43F8-4B58-BCEF-3594BD0558BE}"
EndProject
Global
	GlobalSection(SolutionConfigurationPlatforms) = preSolution
		Debug|Any CPU = Debug|Any CPU
		Release|Any CPU = Release|Any CPU
	EndGlobalSection
	GlobalSection(ProjectConfigurationPlatforms) = postSolution
		{5951E803-1717-415E-A6FC-CE97DD62B451}.Debug|Any CPU.ActiveCfg = Debug|Any CPU
		{5951E803-1717-415E-A6FC-CE97DD62B451}.Debug|Any CPU.Build.0 = Debug|Any CPU
		{5951E803-1717-415E-A6FC-CE97DD62B451}.Release|Any CPU.ActiveCfg = Release|Any CPU
		{5951E803-1717-415E-A6FC-CE97DD62B451}.Release|Any CPU.Build.0 = Release|Any CPU
		{34043072-B5A9-4B53-8770-634D4D2AB64E}.Debug|Any CPU.ActiveCfg = Debug|Any CPU
		{34043072-B5A9-4B53-8770-634D4D2AB64E}.Debug|Any CPU.Build.0 = Debug|Any CPU
		{34043072-B5A9-4B53-8770-634D4D2AB64E}.Release|Any CPU.ActiveCfg = Release|Any CPU
		{34043072-B5A9-4B53-8770-634D4D2AB64E}.Release|Any CPU.Build.0 = Release|Any CPU
		{291D328D-84A2-4522-AA3E-9DDCD0C7C715}.Debug|Any CPU.ActiveCfg = Debug|Any CPU
		{291D328D-84A2-4522-AA3E-9DDCD0C7C715}.Debug|Any CPU.Build.0 = Debug|Any CPU
		{291D328D-84A2-4522-AA3E-9DDCD0C7C715}.Release|Any CPU.ActiveCfg = Release|Any CPU
		{291D328D-84A2-4522-AA3E-9DDCD0C7C715}.Release|Any CPU.Build.0 = Release|Any CPU
		{0D4E7DAE-43F8-4B58-BCEF-3594BD0558BE}.Debug|Any CPU.ActiveCfg = Debug|Any CPU
		{0D4E7DAE-43F8-4B58-BCEF-3594BD0558BE}.Debug|Any CPU.Build.0 = Debug|Any CPU
		{0D4E7DAE-43F8-4B58-BCEF-3594BD0558BE}.Release|Any CPU.ActiveCfg = Release|Any CPU
		{0D4E7DAE-43F8-4B58-BCEF-3594BD0558BE}.Release|Any CPU.Build.0 = Release|Any CPU
	EndGlobalSection
	GlobalSection(SolutionProperties) = preSolution
		HideSolutionNode = FALSE
	EndGlobalSection
	GlobalSection(ExtensibilityGlobals) = postSolution
		SolutionGuid = {6D6913D6-F862-4778-92C2-379636C167A4}
	EndGlobalSection
EndGlobal
