
Microsoft Visual Studio Solution File, Format Version 12.00
# Visual Studio Version 17
VisualStudioVersion = 17.2.32630.192
MinimumVisualStudioVersion = 10.0.40219.1
Project("{9A19103F-16F7-4668-BE54-9A1E7A4F7556}") = "Command", "Command\Command.csproj", "{E4A6491F-3200-4A94-9876-70D4ACD1C41D}"
EndProject
Project("{9A19103F-16F7-4668-BE54-9A1E7A4F7556}") = "Template Method", "Template Method\Template Method.csproj", "{204D9284-B343-4CD8-9897-029F1A5FFF5C}"
EndProject
Project("{9A19103F-16F7-4668-BE54-9A1E7A4F7556}") = "State", "State\State.csproj", "{106EEBB2-BC20-4C97-943D-6152F55C2731}"
EndProject
Project("{9A19103F-16F7-4668-BE54-9A1E7A4F7556}") = "Adapter", "Adapter\Adapter.csproj", "{B802529A-FCD8-4CD0-953A-56E75418E88D}"
EndProject
Project("{9A19103F-16F7-4668-BE54-9A1E7A4F7556}") = "Singleton", "Singleton\Singleton.csproj", "{8D0B5CF0-C9C3-4CA4-86F1-F6659CB0214C}"
EndProject
Project("{9A19103F-16F7-4668-BE54-9A1E7A4F7556}") = "Strategy", "Strategy\Strategy.csproj", "{0D831B5B-DB4D-47CD-9F64-3F3847DD8964}"
EndProject
Project("{9A19103F-16F7-4668-BE54-9A1E7A4F7556}") = "Iterator", "Iterator\Iterator.csproj", "{9B87CD34-42B3-4945-9CA0-4AE03F66C20D}"
EndProject
Project("{FAE04EC0-301F-11D3-BF4B-00C04F79EFBC}") = "Composite", "Composite\Composite.csproj", "{7738E083-CA75-4104-B00C-988B84BDA321}"
EndProject
Global
	GlobalSection(SolutionConfigurationPlatforms) = preSolution
		Debug|Any CPU = Debug|Any CPU
		Release|Any CPU = Release|Any CPU
	EndGlobalSection
	GlobalSection(ProjectConfigurationPlatforms) = postSolution
		{E4A6491F-3200-4A94-9876-70D4ACD1C41D}.Debug|Any CPU.ActiveCfg = Debug|Any CPU
		{E4A6491F-3200-4A94-9876-70D4ACD1C41D}.Debug|Any CPU.Build.0 = Debug|Any CPU
		{E4A6491F-3200-4A94-9876-70D4ACD1C41D}.Release|Any CPU.ActiveCfg = Release|Any CPU
		{E4A6491F-3200-4A94-9876-70D4ACD1C41D}.Release|Any CPU.Build.0 = Release|Any CPU
		{204D9284-B343-4CD8-9897-029F1A5FFF5C}.Debug|Any CPU.ActiveCfg = Debug|Any CPU
		{204D9284-B343-4CD8-9897-029F1A5FFF5C}.Debug|Any CPU.Build.0 = Debug|Any CPU
		{204D9284-B343-4CD8-9897-029F1A5FFF5C}.Release|Any CPU.ActiveCfg = Release|Any CPU
		{204D9284-B343-4CD8-9897-029F1A5FFF5C}.Release|Any CPU.Build.0 = Release|Any CPU
		{106EEBB2-BC20-4C97-943D-6152F55C2731}.Debug|Any CPU.ActiveCfg = Debug|Any CPU
		{106EEBB2-BC20-4C97-943D-6152F55C2731}.Debug|Any CPU.Build.0 = Debug|Any CPU
		{106EEBB2-BC20-4C97-943D-6152F55C2731}.Release|Any CPU.ActiveCfg = Release|Any CPU
		{106EEBB2-BC20-4C97-943D-6152F55C2731}.Release|Any CPU.Build.0 = Release|Any CPU
		{B802529A-FCD8-4CD0-953A-56E75418E88D}.Debug|Any CPU.ActiveCfg = Debug|Any CPU
		{B802529A-FCD8-4CD0-953A-56E75418E88D}.Debug|Any CPU.Build.0 = Debug|Any CPU
		{B802529A-FCD8-4CD0-953A-56E75418E88D}.Release|Any CPU.ActiveCfg = Release|Any CPU
		{B802529A-FCD8-4CD0-953A-56E75418E88D}.Release|Any CPU.Build.0 = Release|Any CPU
		{8D0B5CF0-C9C3-4CA4-86F1-F6659CB0214C}.Debug|Any CPU.ActiveCfg = Debug|Any CPU
		{8D0B5CF0-C9C3-4CA4-86F1-F6659CB0214C}.Debug|Any CPU.Build.0 = Debug|Any CPU
		{8D0B5CF0-C9C3-4CA4-86F1-F6659CB0214C}.Release|Any CPU.ActiveCfg = Release|Any CPU
		{8D0B5CF0-C9C3-4CA4-86F1-F6659CB0214C}.Release|Any CPU.Build.0 = Release|Any CPU
		{0D831B5B-DB4D-47CD-9F64-3F3847DD8964}.Debug|Any CPU.ActiveCfg = Debug|Any CPU
		{0D831B5B-DB4D-47CD-9F64-3F3847DD8964}.Debug|Any CPU.Build.0 = Debug|Any CPU
		{0D831B5B-DB4D-47CD-9F64-3F3847DD8964}.Release|Any CPU.ActiveCfg = Release|Any CPU
		{0D831B5B-DB4D-47CD-9F64-3F3847DD8964}.Release|Any CPU.Build.0 = Release|Any CPU
		{9B87CD34-42B3-4945-9CA0-4AE03F66C20D}.Debug|Any CPU.ActiveCfg = Debug|Any CPU
		{9B87CD34-42B3-4945-9CA0-4AE03F66C20D}.Debug|Any CPU.Build.0 = Debug|Any CPU
		{9B87CD34-42B3-4945-9CA0-4AE03F66C20D}.Release|Any CPU.ActiveCfg = Release|Any CPU
		{9B87CD34-42B3-4945-9CA0-4AE03F66C20D}.Release|Any CPU.Build.0 = Release|Any CPU
		{7738E083-CA75-4104-B00C-988B84BDA321}.Debug|Any CPU.ActiveCfg = Debug|Any CPU
		{7738E083-CA75-4104-B00C-988B84BDA321}.Debug|Any CPU.Build.0 = Debug|Any CPU
		{7738E083-CA75-4104-B00C-988B84BDA321}.Release|Any CPU.ActiveCfg = Release|Any CPU
		{7738E083-CA75-4104-B00C-988B84BDA321}.Release|Any CPU.Build.0 = Release|Any CPU
	EndGlobalSection
	GlobalSection(SolutionProperties) = preSolution
		HideSolutionNode = FALSE
	EndGlobalSection
	GlobalSection(ExtensibilityGlobals) = postSolution
		SolutionGuid = {95F96E90-2877-470A-B1F8-FD9AD22D7E5F}
	EndGlobalSection
EndGlobal
