
Microsoft Visual Studio Solution File, Format Version 12.00
# Visual Studio Version 17
VisualStudioVersion = 17.2.32616.157
MinimumVisualStudioVersion = 10.0.40219.1
Project("{FAE04EC0-301F-11D3-BF4B-00C04F79EFBC}") = "HelloWorld", "HelloWorld.csproj", "{DAC917BE-C5CA-4B49-A3A2-080F3B391901}"
EndProject
Global
	GlobalSection(SolutionConfigurationPlatforms) = preSolution
		Debug|Any CPU = Debug|Any CPU
		Release|Any CPU = Release|Any CPU
	EndGlobalSection
	GlobalSection(ProjectConfigurationPlatforms) = postSolution
		{DAC917BE-C5CA-4B49-A3A2-080F3B391901}.Debug|Any CPU.ActiveCfg = Debug|Any CPU
		{DAC917BE-C5CA-4B49-A3A2-080F3B391901}.Debug|Any CPU.Build.0 = Debug|Any CPU
		{DAC917BE-C5CA-4B49-A3A2-080F3B391901}.Release|Any CPU.ActiveCfg = Release|Any CPU
		{DAC917BE-C5CA-4B49-A3A2-080F3B391901}.Release|Any CPU.Build.0 = Release|Any CPU
	EndGlobalSection
	GlobalSection(SolutionProperties) = preSolution
		HideSolutionNode = FALSE
	EndGlobalSection
	GlobalSection(ExtensibilityGlobals) = postSolution
		SolutionGuid = {E6419F21-FC8D-4A6F-9DF2-C517B5B1B850}
	EndGlobalSection
EndGlobal
