
Microsoft Visual Studio Solution File, Format Version 12.00
# Visual Studio Version 17
VisualStudioVersion = 17.4.33205.214
MinimumVisualStudioVersion = 10.0.40219.1
Project("{FAE04EC0-301F-11D3-BF4B-00C04F79EFBC}") = "RuntimeSerialization", "RuntimeSerialization.csproj", "{D8BC8206-6D99-4AFB-9942-3E5C04C79F31}"
EndProject
Project("{2150E333-8FDC-42A3-9474-1A3956D46DE8}") = "Solution Items", "Solution Items", "{368F4C4C-396C-4CA9-9EC9-55F3F661B7A7}"
	ProjectSection(SolutionItems) = preProject
		..\RuntimeSerialization.md = ..\RuntimeSerialization.md
	EndProjectSection
EndProject
Global
	GlobalSection(SolutionConfigurationPlatforms) = preSolution
		Debug|Any CPU = Debug|Any CPU
		Release|Any CPU = Release|Any CPU
	EndGlobalSection
	GlobalSection(ProjectConfigurationPlatforms) = postSolution
		{D8BC8206-6D99-4AFB-9942-3E5C04C79F31}.Debug|Any CPU.ActiveCfg = Debug|Any CPU
		{D8BC8206-6D99-4AFB-9942-3E5C04C79F31}.Debug|Any CPU.Build.0 = Debug|Any CPU
		{D8BC8206-6D99-4AFB-9942-3E5C04C79F31}.Release|Any CPU.ActiveCfg = Release|Any CPU
		{D8BC8206-6D99-4AFB-9942-3E5C04C79F31}.Release|Any CPU.Build.0 = Release|Any CPU
	EndGlobalSection
	GlobalSection(SolutionProperties) = preSolution
		HideSolutionNode = FALSE
	EndGlobalSection
	GlobalSection(ExtensibilityGlobals) = postSolution
		SolutionGuid = {93675835-B028-4450-9817-C0D7A21DB546}
	EndGlobalSection
EndGlobal
