
Microsoft Visual Studio Solution File, Format Version 12.00
# Visual Studio Version 17
VisualStudioVersion = 17.3.32929.385
MinimumVisualStudioVersion = 10.0.40219.1
Project("{9A19103F-16F7-4668-BE54-9A1E7A4F7556}") = "CompositeCompleted", "CompositeCompleted\CompositeCompleted.csproj", "{2FCD5AFC-0E8E-4062-8288-987F1609C86A}"
EndProject
Project("{FAE04EC0-301F-11D3-BF4B-00C04F79EFBC}") = "IteratorCompleted", "IteratorCompleted\IteratorCompleted.csproj", "{2650DCDE-56C6-4E72-BA9D-D1F3274B5181}"
EndProject
Global
	GlobalSection(SolutionConfigurationPlatforms) = preSolution
		Debug|Any CPU = Debug|Any CPU
		Release|Any CPU = Release|Any CPU
	EndGlobalSection
	GlobalSection(ProjectConfigurationPlatforms) = postSolution
		{2FCD5AFC-0E8E-4062-8288-987F1609C86A}.Debug|Any CPU.ActiveCfg = Debug|Any CPU
		{2FCD5AFC-0E8E-4062-8288-987F1609C86A}.Debug|Any CPU.Build.0 = Debug|Any CPU
		{2FCD5AFC-0E8E-4062-8288-987F1609C86A}.Release|Any CPU.ActiveCfg = Release|Any CPU
		{2FCD5AFC-0E8E-4062-8288-987F1609C86A}.Release|Any CPU.Build.0 = Release|Any CPU
		{2650DCDE-56C6-4E72-BA9D-D1F3274B5181}.Debug|Any CPU.ActiveCfg = Debug|Any CPU
		{2650DCDE-56C6-4E72-BA9D-D1F3274B5181}.Debug|Any CPU.Build.0 = Debug|Any CPU
		{2650DCDE-56C6-4E72-BA9D-D1F3274B5181}.Release|Any CPU.ActiveCfg = Release|Any CPU
		{2650DCDE-56C6-4E72-BA9D-D1F3274B5181}.Release|Any CPU.Build.0 = Release|Any CPU
	EndGlobalSection
	GlobalSection(SolutionProperties) = preSolution
		HideSolutionNode = FALSE
	EndGlobalSection
	GlobalSection(ExtensibilityGlobals) = postSolution
		SolutionGuid = {F4B7B72E-2BB1-40BC-8574-D234EC2702D0}
	EndGlobalSection
EndGlobal
