
Microsoft Visual Studio Solution File, Format Version 12.00
# Visual Studio Version 17
VisualStudioVersion = 17.2.32630.192
MinimumVisualStudioVersion = 10.0.40219.1
Project("{9A19103F-16F7-4668-BE54-9A1E7A4F7556}") = "Week3", "Week3.csproj", "{63FA6C4C-B78F-449B-B727-7EC173F76D41}"
EndProject
Project("{9A19103F-16F7-4668-BE54-9A1E7A4F7556}") = "PrimitiveTypes", "..\PrimitiveTypes\PrimitiveTypes.csproj", "{CF03DA05-16EE-4BC6-93C8-EFC974C92316}"
EndProject
Project("{FAE04EC0-301F-11D3-BF4B-00C04F79EFBC}") = "Equals", "..\Equals\Equals.csproj", "{7829D24E-B0CF-4B6E-82AC-7506FEB52FAD}"
EndProject
Project("{FAE04EC0-301F-11D3-BF4B-00C04F79EFBC}") = "HashCode", "..\HashCode\HashCode.csproj", "{EE19246E-7B6B-468C-AB3D-E474BB4EB46A}"
EndProject
Project("{FAE04EC0-301F-11D3-BF4B-00C04F79EFBC}") = "Boxing", "..\Boxing\Boxing.csproj", "{D0E05B52-CA12-4A3C-8775-69733877E7D8}"
EndProject
Project("{FAE04EC0-301F-11D3-BF4B-00C04F79EFBC}") = "Dynamic", "..\Dynamic\Dynamic.csproj", "{9617CF77-B4A4-46B8-8FA9-A942188C9590}"
EndProject
Global
	GlobalSection(SolutionConfigurationPlatforms) = preSolution
		Debug|Any CPU = Debug|Any CPU
		Release|Any CPU = Release|Any CPU
	EndGlobalSection
	GlobalSection(ProjectConfigurationPlatforms) = postSolution
		{63FA6C4C-B78F-449B-B727-7EC173F76D41}.Debug|Any CPU.ActiveCfg = Debug|Any CPU
		{63FA6C4C-B78F-449B-B727-7EC173F76D41}.Debug|Any CPU.Build.0 = Debug|Any CPU
		{63FA6C4C-B78F-449B-B727-7EC173F76D41}.Release|Any CPU.ActiveCfg = Release|Any CPU
		{63FA6C4C-B78F-449B-B727-7EC173F76D41}.Release|Any CPU.Build.0 = Release|Any CPU
		{CF03DA05-16EE-4BC6-93C8-EFC974C92316}.Debug|Any CPU.ActiveCfg = Debug|Any CPU
		{CF03DA05-16EE-4BC6-93C8-EFC974C92316}.Debug|Any CPU.Build.0 = Debug|Any CPU
		{CF03DA05-16EE-4BC6-93C8-EFC974C92316}.Release|Any CPU.ActiveCfg = Release|Any CPU
		{CF03DA05-16EE-4BC6-93C8-EFC974C92316}.Release|Any CPU.Build.0 = Release|Any CPU
		{7829D24E-B0CF-4B6E-82AC-7506FEB52FAD}.Debug|Any CPU.ActiveCfg = Debug|Any CPU
		{7829D24E-B0CF-4B6E-82AC-7506FEB52FAD}.Debug|Any CPU.Build.0 = Debug|Any CPU
		{7829D24E-B0CF-4B6E-82AC-7506FEB52FAD}.Release|Any CPU.ActiveCfg = Release|Any CPU
		{7829D24E-B0CF-4B6E-82AC-7506FEB52FAD}.Release|Any CPU.Build.0 = Release|Any CPU
		{EE19246E-7B6B-468C-AB3D-E474BB4EB46A}.Debug|Any CPU.ActiveCfg = Debug|Any CPU
		{EE19246E-7B6B-468C-AB3D-E474BB4EB46A}.Debug|Any CPU.Build.0 = Debug|Any CPU
		{EE19246E-7B6B-468C-AB3D-E474BB4EB46A}.Release|Any CPU.ActiveCfg = Release|Any CPU
		{EE19246E-7B6B-468C-AB3D-E474BB4EB46A}.Release|Any CPU.Build.0 = Release|Any CPU
		{D0E05B52-CA12-4A3C-8775-69733877E7D8}.Debug|Any CPU.ActiveCfg = Debug|Any CPU
		{D0E05B52-CA12-4A3C-8775-69733877E7D8}.Debug|Any CPU.Build.0 = Debug|Any CPU
		{D0E05B52-CA12-4A3C-8775-69733877E7D8}.Release|Any CPU.ActiveCfg = Release|Any CPU
		{D0E05B52-CA12-4A3C-8775-69733877E7D8}.Release|Any CPU.Build.0 = Release|Any CPU
		{9617CF77-B4A4-46B8-8FA9-A942188C9590}.Debug|Any CPU.ActiveCfg = Debug|Any CPU
		{9617CF77-B4A4-46B8-8FA9-A942188C9590}.Debug|Any CPU.Build.0 = Debug|Any CPU
		{9617CF77-B4A4-46B8-8FA9-A942188C9590}.Release|Any CPU.ActiveCfg = Release|Any CPU
		{9617CF77-B4A4-46B8-8FA9-A942188C9590}.Release|Any CPU.Build.0 = Release|Any CPU
	EndGlobalSection
	GlobalSection(SolutionProperties) = preSolution
		HideSolutionNode = FALSE
	EndGlobalSection
	GlobalSection(ExtensibilityGlobals) = postSolution
		SolutionGuid = {D670588D-D0B8-4415-BDEF-D70B938C4373}
	EndGlobalSection
EndGlobal
