
Microsoft Visual Studio Solution File, Format Version 12.00
# Visual Studio Version 17
VisualStudioVersion = 17.3.32929.385
MinimumVisualStudioVersion = 10.0.40219.1
Project("{9A19103F-16F7-4668-BE54-9A1E7A4F7556}") = "Arrays", "Arrays.csproj", "{7128027F-3BDC-48A8-860E-01C8AE64DEEB}"
EndProject
Project("{2150E333-8FDC-42A3-9474-1A3956D46DE8}") = "Solution Items", "Solution Items", "{05FC3A89-FC8C-462F-A51B-2F66102E48E6}"
EndProject
Project("{9A19103F-16F7-4668-BE54-9A1E7A4F7556}") = "ValueReference", "..\ValueReference\ValueReference.csproj", "{EB7686E2-06CE-4AFE-A2C9-E9B376A384CC}"
EndProject
Project("{9A19103F-16F7-4668-BE54-9A1E7A4F7556}") = "Multi-dimensional", "..\Multi-dimensional\Multi-dimensional.csproj", "{EA06FFF1-E8E2-4717-A16B-BB07088561F1}"
EndProject
Project("{9A19103F-16F7-4668-BE54-9A1E7A4F7556}") = "Initialization", "..\Initialization\Initialization.csproj", "{11E7313E-E1D1-4235-8ACE-F79CC9D9E3AF}"
EndProject
Project("{FAE04EC0-301F-11D3-BF4B-00C04F79EFBC}") = "AnonymousTypes", "..\AnonymousTypes\AnonymousTypes.csproj", "{36E27333-F383-4AAB-9D78-18C669971CE8}"
EndProject
Project("{FAE04EC0-301F-11D3-BF4B-00C04F79EFBC}") = "Casting", "..\Casting\Casting.csproj", "{E75EBA59-DF24-4B2A-9E92-13C4828F7168}"
EndProject
Project("{FAE04EC0-301F-11D3-BF4B-00C04F79EFBC}") = "Copy", "..\Copy\Copy.csproj", "{F102D825-4ACC-4254-96EB-D0F801821D58}"
EndProject
Project("{FAE04EC0-301F-11D3-BF4B-00C04F79EFBC}") = "ArrayCovariance", "..\ArrayCovariance\ArrayCovariance.csproj", "{9BA202D8-A3F7-451D-864C-25503725CF17}"
EndProject
Project("{FAE04EC0-301F-11D3-BF4B-00C04F79EFBC}") = "ImplicitInterfaces", "..\ImplicitInterfaces\ImplicitInterfaces.csproj", "{653BE2D4-E69E-4ED0-9A3E-48C7BF6FE343}"
EndProject
Project("{FAE04EC0-301F-11D3-BF4B-00C04F79EFBC}") = "ReturningArrays", "..\ReturningArrays\ReturningArrays.csproj", "{4C2163B4-92DB-4081-A416-1C1F664B8D24}"
EndProject
Project("{FAE04EC0-301F-11D3-BF4B-00C04F79EFBC}") = "Non-ZeroArray", "..\Non-ZeroArray\Non-ZeroArray.csproj", "{5FB95BC2-DA9A-4520-B08F-0E11094E2085}"
EndProject
Project("{FAE04EC0-301F-11D3-BF4B-00C04F79EFBC}") = "ArrayInternals", "..\ArrayInternals\ArrayInternals.csproj", "{70585A13-C46C-4A80-B402-B2FE0E38F235}"
EndProject
Project("{FAE04EC0-301F-11D3-BF4B-00C04F79EFBC}") = "UnsafeAccess", "..\UnsafeAccess\UnsafeAccess.csproj", "{B4D2F123-C4DC-437E-8A55-340E251D53F1}"
EndProject
Global
	GlobalSection(SolutionConfigurationPlatforms) = preSolution
		Debug|Any CPU = Debug|Any CPU
		Release|Any CPU = Release|Any CPU
	EndGlobalSection
	GlobalSection(ProjectConfigurationPlatforms) = postSolution
		{7128027F-3BDC-48A8-860E-01C8AE64DEEB}.Debug|Any CPU.ActiveCfg = Debug|Any CPU
		{7128027F-3BDC-48A8-860E-01C8AE64DEEB}.Debug|Any CPU.Build.0 = Debug|Any CPU
		{7128027F-3BDC-48A8-860E-01C8AE64DEEB}.Release|Any CPU.ActiveCfg = Release|Any CPU
		{7128027F-3BDC-48A8-860E-01C8AE64DEEB}.Release|Any CPU.Build.0 = Release|Any CPU
		{EB7686E2-06CE-4AFE-A2C9-E9B376A384CC}.Debug|Any CPU.ActiveCfg = Debug|Any CPU
		{EB7686E2-06CE-4AFE-A2C9-E9B376A384CC}.Debug|Any CPU.Build.0 = Debug|Any CPU
		{EB7686E2-06CE-4AFE-A2C9-E9B376A384CC}.Release|Any CPU.ActiveCfg = Release|Any CPU
		{EB7686E2-06CE-4AFE-A2C9-E9B376A384CC}.Release|Any CPU.Build.0 = Release|Any CPU
		{EA06FFF1-E8E2-4717-A16B-BB07088561F1}.Debug|Any CPU.ActiveCfg = Debug|Any CPU
		{EA06FFF1-E8E2-4717-A16B-BB07088561F1}.Debug|Any CPU.Build.0 = Debug|Any CPU
		{EA06FFF1-E8E2-4717-A16B-BB07088561F1}.Release|Any CPU.ActiveCfg = Release|Any CPU
		{EA06FFF1-E8E2-4717-A16B-BB07088561F1}.Release|Any CPU.Build.0 = Release|Any CPU
		{11E7313E-E1D1-4235-8ACE-F79CC9D9E3AF}.Debug|Any CPU.ActiveCfg = Debug|Any CPU
		{11E7313E-E1D1-4235-8ACE-F79CC9D9E3AF}.Debug|Any CPU.Build.0 = Debug|Any CPU
		{11E7313E-E1D1-4235-8ACE-F79CC9D9E3AF}.Release|Any CPU.ActiveCfg = Release|Any CPU
		{11E7313E-E1D1-4235-8ACE-F79CC9D9E3AF}.Release|Any CPU.Build.0 = Release|Any CPU
		{36E27333-F383-4AAB-9D78-18C669971CE8}.Debug|Any CPU.ActiveCfg = Debug|Any CPU
		{36E27333-F383-4AAB-9D78-18C669971CE8}.Debug|Any CPU.Build.0 = Debug|Any CPU
		{36E27333-F383-4AAB-9D78-18C669971CE8}.Release|Any CPU.ActiveCfg = Release|Any CPU
		{36E27333-F383-4AAB-9D78-18C669971CE8}.Release|Any CPU.Build.0 = Release|Any CPU
		{E75EBA59-DF24-4B2A-9E92-13C4828F7168}.Debug|Any CPU.ActiveCfg = Debug|Any CPU
		{E75EBA59-DF24-4B2A-9E92-13C4828F7168}.Debug|Any CPU.Build.0 = Debug|Any CPU
		{E75EBA59-DF24-4B2A-9E92-13C4828F7168}.Release|Any CPU.ActiveCfg = Release|Any CPU
		{E75EBA59-DF24-4B2A-9E92-13C4828F7168}.Release|Any CPU.Build.0 = Release|Any CPU
		{F102D825-4ACC-4254-96EB-D0F801821D58}.Debug|Any CPU.ActiveCfg = Debug|Any CPU
		{F102D825-4ACC-4254-96EB-D0F801821D58}.Debug|Any CPU.Build.0 = Debug|Any CPU
		{F102D825-4ACC-4254-96EB-D0F801821D58}.Release|Any CPU.ActiveCfg = Release|Any CPU
		{F102D825-4ACC-4254-96EB-D0F801821D58}.Release|Any CPU.Build.0 = Release|Any CPU
		{9BA202D8-A3F7-451D-864C-25503725CF17}.Debug|Any CPU.ActiveCfg = Debug|Any CPU
		{9BA202D8-A3F7-451D-864C-25503725CF17}.Debug|Any CPU.Build.0 = Debug|Any CPU
		{9BA202D8-A3F7-451D-864C-25503725CF17}.Release|Any CPU.ActiveCfg = Release|Any CPU
		{9BA202D8-A3F7-451D-864C-25503725CF17}.Release|Any CPU.Build.0 = Release|Any CPU
		{653BE2D4-E69E-4ED0-9A3E-48C7BF6FE343}.Debug|Any CPU.ActiveCfg = Debug|Any CPU
		{653BE2D4-E69E-4ED0-9A3E-48C7BF6FE343}.Debug|Any CPU.Build.0 = Debug|Any CPU
		{653BE2D4-E69E-4ED0-9A3E-48C7BF6FE343}.Release|Any CPU.ActiveCfg = Release|Any CPU
		{653BE2D4-E69E-4ED0-9A3E-48C7BF6FE343}.Release|Any CPU.Build.0 = Release|Any CPU
		{4C2163B4-92DB-4081-A416-1C1F664B8D24}.Debug|Any CPU.ActiveCfg = Debug|Any CPU
		{4C2163B4-92DB-4081-A416-1C1F664B8D24}.Debug|Any CPU.Build.0 = Debug|Any CPU
		{4C2163B4-92DB-4081-A416-1C1F664B8D24}.Release|Any CPU.ActiveCfg = Release|Any CPU
		{4C2163B4-92DB-4081-A416-1C1F664B8D24}.Release|Any CPU.Build.0 = Release|Any CPU
		{5FB95BC2-DA9A-4520-B08F-0E11094E2085}.Debug|Any CPU.ActiveCfg = Debug|Any CPU
		{5FB95BC2-DA9A-4520-B08F-0E11094E2085}.Debug|Any CPU.Build.0 = Debug|Any CPU
		{5FB95BC2-DA9A-4520-B08F-0E11094E2085}.Release|Any CPU.ActiveCfg = Release|Any CPU
		{5FB95BC2-DA9A-4520-B08F-0E11094E2085}.Release|Any CPU.Build.0 = Release|Any CPU
		{70585A13-C46C-4A80-B402-B2FE0E38F235}.Debug|Any CPU.ActiveCfg = Debug|Any CPU
		{70585A13-C46C-4A80-B402-B2FE0E38F235}.Debug|Any CPU.Build.0 = Debug|Any CPU
		{70585A13-C46C-4A80-B402-B2FE0E38F235}.Release|Any CPU.ActiveCfg = Release|Any CPU
		{70585A13-C46C-4A80-B402-B2FE0E38F235}.Release|Any CPU.Build.0 = Release|Any CPU
		{B4D2F123-C4DC-437E-8A55-340E251D53F1}.Debug|Any CPU.ActiveCfg = Debug|Any CPU
		{B4D2F123-C4DC-437E-8A55-340E251D53F1}.Debug|Any CPU.Build.0 = Debug|Any CPU
		{B4D2F123-C4DC-437E-8A55-340E251D53F1}.Release|Any CPU.ActiveCfg = Release|Any CPU
		{B4D2F123-C4DC-437E-8A55-340E251D53F1}.Release|Any CPU.Build.0 = Release|Any CPU
	EndGlobalSection
	GlobalSection(SolutionProperties) = preSolution
		HideSolutionNode = FALSE
	EndGlobalSection
	GlobalSection(ExtensibilityGlobals) = postSolution
		SolutionGuid = {9CE2F80D-32C4-4AB1-9748-282C9C8D2D29}
	EndGlobalSection
EndGlobal
