
Microsoft Visual Studio Solution File, Format Version 12.00
# Visual Studio Version 17
VisualStudioVersion = 17.2.32602.215
MinimumVisualStudioVersion = 10.0.40219.1
Project("{9A19103F-16F7-4668-BE54-9A1E7A4F7556}") = "Session 1", "Session 1\Session 1.csproj", "{B856600A-E11E-4A6B-BB9C-1BE21F7137B5}"
EndProject
Project("{9A19103F-16F7-4668-BE54-9A1E7A4F7556}") = "Session 2", "Session 2\Session 2.csproj", "{AFE9163F-636D-404E-BECD-CF3C9F2D7135}"
EndProject
Project("{9A19103F-16F7-4668-BE54-9A1E7A4F7556}") = "Session 3", "Session 3\Session 3.csproj", "{C17D9E00-F034-40ED-9519-B9E54F36E35E}"
EndProject
Project("{9A19103F-16F7-4668-BE54-9A1E7A4F7556}") = "Session 5", "Session 5\Session 5.csproj", "{B9E86330-1A65-4A1D-8037-70638B0F64C2}"
EndProject
Project("{FAE04EC0-301F-11D3-BF4B-00C04F79EFBC}") = "Session 6", "Session 6\Session 6.csproj", "{8BAA1C5D-D1EA-4F4B-83BE-13ACF6F2C11B}"
EndProject
Global
	GlobalSection(SolutionConfigurationPlatforms) = preSolution
		Debug|Any CPU = Debug|Any CPU
		Release|Any CPU = Release|Any CPU
	EndGlobalSection
	GlobalSection(ProjectConfigurationPlatforms) = postSolution
		{B856600A-E11E-4A6B-BB9C-1BE21F7137B5}.Debug|Any CPU.ActiveCfg = Debug|Any CPU
		{B856600A-E11E-4A6B-BB9C-1BE21F7137B5}.Debug|Any CPU.Build.0 = Debug|Any CPU
		{B856600A-E11E-4A6B-BB9C-1BE21F7137B5}.Release|Any CPU.ActiveCfg = Release|Any CPU
		{B856600A-E11E-4A6B-BB9C-1BE21F7137B5}.Release|Any CPU.Build.0 = Release|Any CPU
		{AFE9163F-636D-404E-BECD-CF3C9F2D7135}.Debug|Any CPU.ActiveCfg = Debug|Any CPU
		{AFE9163F-636D-404E-BECD-CF3C9F2D7135}.Debug|Any CPU.Build.0 = Debug|Any CPU
		{AFE9163F-636D-404E-BECD-CF3C9F2D7135}.Release|Any CPU.ActiveCfg = Release|Any CPU
		{AFE9163F-636D-404E-BECD-CF3C9F2D7135}.Release|Any CPU.Build.0 = Release|Any CPU
		{C17D9E00-F034-40ED-9519-B9E54F36E35E}.Debug|Any CPU.ActiveCfg = Debug|Any CPU
		{C17D9E00-F034-40ED-9519-B9E54F36E35E}.Debug|Any CPU.Build.0 = Debug|Any CPU
		{C17D9E00-F034-40ED-9519-B9E54F36E35E}.Release|Any CPU.ActiveCfg = Release|Any CPU
		{C17D9E00-F034-40ED-9519-B9E54F36E35E}.Release|Any CPU.Build.0 = Release|Any CPU
		{B9E86330-1A65-4A1D-8037-70638B0F64C2}.Debug|Any CPU.ActiveCfg = Debug|Any CPU
		{B9E86330-1A65-4A1D-8037-70638B0F64C2}.Debug|Any CPU.Build.0 = Debug|Any CPU
		{B9E86330-1A65-4A1D-8037-70638B0F64C2}.Release|Any CPU.ActiveCfg = Release|Any CPU
		{B9E86330-1A65-4A1D-8037-70638B0F64C2}.Release|Any CPU.Build.0 = Release|Any CPU
		{8BAA1C5D-D1EA-4F4B-83BE-13ACF6F2C11B}.Debug|Any CPU.ActiveCfg = Debug|Any CPU
		{8BAA1C5D-D1EA-4F4B-83BE-13ACF6F2C11B}.Debug|Any CPU.Build.0 = Debug|Any CPU
		{8BAA1C5D-D1EA-4F4B-83BE-13ACF6F2C11B}.Release|Any CPU.ActiveCfg = Release|Any CPU
		{8BAA1C5D-D1EA-4F4B-83BE-13ACF6F2C11B}.Release|Any CPU.Build.0 = Release|Any CPU
	EndGlobalSection
	GlobalSection(SolutionProperties) = preSolution
		HideSolutionNode = FALSE
	EndGlobalSection
	GlobalSection(ExtensibilityGlobals) = postSolution
		SolutionGuid = {2DC81459-0AEB-4547-8706-AD05461698E1}
	EndGlobalSection
EndGlobal
