
Microsoft Visual Studio Solution File, Format Version 12.00
# Visual Studio Version 17
VisualStudioVersion = 17.2.32602.215
MinimumVisualStudioVersion = 10.0.40219.1
Project("{FAE04EC0-301F-11D3-BF4B-00C04F79EFBC}") = "Session 1", "Session 1\Session 1.csproj", "{B856600A-E11E-4A6B-BB9C-1BE21F7137B5}"
EndProject
Global
	GlobalSection(SolutionConfigurationPlatforms) = preSolution
		Debug|Any CPU = Debug|Any CPU
		Release|Any CPU = Release|Any CPU
	EndGlobalSection
	GlobalSection(ProjectConfigurationPlatforms) = postSolution
		{B856600A-E11E-4A6B-BB9C-1BE21F7137B5}.Debug|Any CPU.ActiveCfg = Debug|Any CPU
		{B856600A-E11E-4A6B-BB9C-1BE21F7137B5}.Debug|Any CPU.Build.0 = Debug|Any CPU
		{B856600A-E11E-4A6B-BB9C-1BE21F7137B5}.Release|Any CPU.ActiveCfg = Release|Any CPU
		{B856600A-E11E-4A6B-BB9C-1BE21F7137B5}.Release|Any CPU.Build.0 = Release|Any CPU
	EndGlobalSection
	GlobalSection(SolutionProperties) = preSolution
		HideSolutionNode = FALSE
	EndGlobalSection
	GlobalSection(ExtensibilityGlobals) = postSolution
		SolutionGuid = {2DC81459-0AEB-4547-8706-AD05461698E1}
	EndGlobalSection
EndGlobal
