
Microsoft Visual Studio Solution File, Format Version 12.00
# Visual Studio Version 17
VisualStudioVersion = 17.2.32630.192
MinimumVisualStudioVersion = 10.0.40219.1
Project("{9A19103F-16F7-4668-BE54-9A1E7A4F7556}") = "Week4", "Week4.csproj", "{9A183265-1CA7-486D-B559-0EAD80A9824B}"
EndProject
Project("{FAE04EC0-301F-11D3-BF4B-00C04F79EFBC}") = "AllOfTheTypes", "..\AllOfTheTypes\AllOfTheTypes.csproj", "{C6FE341B-F83A-488E-A55C-AE7A41D2667A}"
EndProject
Global
	GlobalSection(SolutionConfigurationPlatforms) = preSolution
		Debug|Any CPU = Debug|Any CPU
		Release|Any CPU = Release|Any CPU
	EndGlobalSection
	GlobalSection(ProjectConfigurationPlatforms) = postSolution
		{9A183265-1CA7-486D-B559-0EAD80A9824B}.Debug|Any CPU.ActiveCfg = Debug|Any CPU
		{9A183265-1CA7-486D-B559-0EAD80A9824B}.Debug|Any CPU.Build.0 = Debug|Any CPU
		{9A183265-1CA7-486D-B559-0EAD80A9824B}.Release|Any CPU.ActiveCfg = Release|Any CPU
		{9A183265-1CA7-486D-B559-0EAD80A9824B}.Release|Any CPU.Build.0 = Release|Any CPU
		{C6FE341B-F83A-488E-A55C-AE7A41D2667A}.Debug|Any CPU.ActiveCfg = Debug|Any CPU
		{C6FE341B-F83A-488E-A55C-AE7A41D2667A}.Debug|Any CPU.Build.0 = Debug|Any CPU
		{C6FE341B-F83A-488E-A55C-AE7A41D2667A}.Release|Any CPU.ActiveCfg = Release|Any CPU
		{C6FE341B-F83A-488E-A55C-AE7A41D2667A}.Release|Any CPU.Build.0 = Release|Any CPU
	EndGlobalSection
	GlobalSection(SolutionProperties) = preSolution
		HideSolutionNode = FALSE
	EndGlobalSection
	GlobalSection(ExtensibilityGlobals) = postSolution
		SolutionGuid = {D52ABCDD-A2F8-4C3B-B4F8-E9915ECDB649}
	EndGlobalSection
EndGlobal
